// !$*UTF8*$!
{
	archiveVersion = 1;
	classes = {
	};
	objectVersion = 46;
	objects = {

/* Begin PBXBuildFile section */
		045A45F41AF103FB00D02378 /* UIColor+Colours.m in Sources */ = {isa = PBXBuildFile; fileRef = 045A45F31AF103FB00D02378 /* UIColor+Colours.m */; };
		04FA56361AF1007600444696 /* Foundation.framework in Frameworks */ = {isa = PBXBuildFile; fileRef = 04FA56351AF1007600444696 /* Foundation.framework */; };
		04FA56381AF1007600444696 /* CoreGraphics.framework in Frameworks */ = {isa = PBXBuildFile; fileRef = 04FA56371AF1007600444696 /* CoreGraphics.framework */; };
		04FA563A1AF1007600444696 /* UIKit.framework in Frameworks */ = {isa = PBXBuildFile; fileRef = 04FA56391AF1007600444696 /* UIKit.framework */; };
		04FA56401AF1007600444696 /* InfoPlist.strings in Resources */ = {isa = PBXBuildFile; fileRef = 04FA563E1AF1007600444696 /* InfoPlist.strings */; };
		04FA56421AF1007600444696 /* main.m in Sources */ = {isa = PBXBuildFile; fileRef = 04FA56411AF1007600444696 /* main.m */; };
		04FA56461AF1007600444696 /* MOSAppDelegate.m in Sources */ = {isa = PBXBuildFile; fileRef = 04FA56451AF1007600444696 /* MOSAppDelegate.m */; };
		04FA56481AF1007600444696 /* Images.xcassets in Resources */ = {isa = PBXBuildFile; fileRef = 04FA56471AF1007600444696 /* Images.xcassets */; };
		04FA564F1AF1007700444696 /* XCTest.framework in Frameworks */ = {isa = PBXBuildFile; fileRef = 04FA564E1AF1007700444696 /* XCTest.framework */; };
		04FA56501AF1007700444696 /* Foundation.framework in Frameworks */ = {isa = PBXBuildFile; fileRef = 04FA56351AF1007600444696 /* Foundation.framework */; };
		04FA56511AF1007700444696 /* UIKit.framework in Frameworks */ = {isa = PBXBuildFile; fileRef = 04FA56391AF1007600444696 /* UIKit.framework */; };
		04FA56591AF1007700444696 /* InfoPlist.strings in Resources */ = {isa = PBXBuildFile; fileRef = 04FA56571AF1007700444696 /* InfoPlist.strings */; };
		04FA565B1AF1007700444696 /* MOS____Tests.m in Sources */ = {isa = PBXBuildFile; fileRef = 04FA565A1AF1007700444696 /* MOS____Tests.m */; };
		04FA56661AF1009C00444696 /* MOSVC.m in Sources */ = {isa = PBXBuildFile; fileRef = 04FA56651AF1009C00444696 /* MOSVC.m */; };
/* End PBXBuildFile section */

/* Begin PBXContainerItemProxy section */
		04FA56521AF1007700444696 /* PBXContainerItemProxy */ = {
			isa = PBXContainerItemProxy;
			containerPortal = 04FA562A1AF1007600444696 /* Project object */;
			proxyType = 1;
			remoteGlobalIDString = 04FA56311AF1007600444696;
			remoteInfo = "MOS高斯模糊";
		};
/* End PBXContainerItemProxy section */

/* Begin PBXFileReference section */
		045A45F21AF103FB00D02378 /* UIColor+Colours.h */ = {isa = PBXFileReference; fileEncoding = 4; lastKnownFileType = sourcecode.c.h; path = "UIColor+Colours.h"; sourceTree = "<group>"; };
		045A45F31AF103FB00D02378 /* UIColor+Colours.m */ = {isa = PBXFileReference; fileEncoding = 4; lastKnownFileType = sourcecode.c.objc; path = "UIColor+Colours.m"; sourceTree = "<group>"; };
		04FA56321AF1007600444696 /* MOS高斯模糊.app */ = {isa = PBXFileReference; explicitFileType = wrapper.application; includeInIndex = 0; path = "MOS高斯模糊.app"; sourceTree = BUILT_PRODUCTS_DIR; };
		04FA56351AF1007600444696 /* Foundation.framework */ = {isa = PBXFileReference; lastKnownFileType = wrapper.framework; name = Foundation.framework; path = System/Library/Frameworks/Foundation.framework; sourceTree = SDKROOT; };
		04FA56371AF1007600444696 /* CoreGraphics.framework */ = {isa = PBXFileReference; lastKnownFileType = wrapper.framework; name = CoreGraphics.framework; path = System/Library/Frameworks/CoreGraphics.framework; sourceTree = SDKROOT; };
		04FA56391AF1007600444696 /* UIKit.framework */ = {isa = PBXFileReference; lastKnownFileType = wrapper.framework; name = UIKit.framework; path = System/Library/Frameworks/UIKit.framework; sourceTree = SDKROOT; };
		04FA563D1AF1007600444696 /* MOS高斯模糊-Info.plist */ = {isa = PBXFileReference; lastKnownFileType = text.plist.xml; path = "MOS高斯模糊-Info.plist"; sourceTree = "<group>"; };
		04FA563F1AF1007600444696 /* en */ = {isa = PBXFileReference; lastKnownFileType = text.plist.strings; name = en; path = en.lproj/InfoPlist.strings; sourceTree = "<group>"; };
		04FA56411AF1007600444696 /* main.m */ = {isa = PBXFileReference; lastKnownFileType = sourcecode.c.objc; path = main.m; sourceTree = "<group>"; };
		04FA56431AF1007600444696 /* MOS高斯模糊-Prefix.pch */ = {isa = PBXFileReference; lastKnownFileType = sourcecode.c.h; path = "MOS高斯模糊-Prefix.pch"; sourceTree = "<group>"; };
		04FA56441AF1007600444696 /* MOSAppDelegate.h */ = {isa = PBXFileReference; lastKnownFileType = sourcecode.c.h; path = MOSAppDelegate.h; sourceTree = "<group>"; };
		04FA56451AF1007600444696 /* MOSAppDelegate.m */ = {isa = PBXFileReference; lastKnownFileType = sourcecode.c.objc; path = MOSAppDelegate.m; sourceTree = "<group>"; };
		04FA56471AF1007600444696 /* Images.xcassets */ = {isa = PBXFileReference; lastKnownFileType = folder.assetcatalog; path = Images.xcassets; sourceTree = "<group>"; };
		04FA564D1AF1007700444696 /* MOS高斯模糊Tests.xctest */ = {isa = PBXFileReference; explicitFileType = wrapper.cfbundle; includeInIndex = 0; path = "MOS高斯模糊Tests.xctest"; sourceTree = BUILT_PRODUCTS_DIR; };
		04FA564E1AF1007700444696 /* XCTest.framework */ = {isa = PBXFileReference; lastKnownFileType = wrapper.framework; name = XCTest.framework; path = Library/Frameworks/XCTest.framework; sourceTree = DEVELOPER_DIR; };
		04FA56561AF1007700444696 /* MOS高斯模糊Tests-Info.plist */ = {isa = PBXFileReference; lastKnownFileType = text.plist.xml; path = "MOS高斯模糊Tests-Info.plist"; sourceTree = "<group>"; };
		04FA56581AF1007700444696 /* en */ = {isa = PBXFileReference; lastKnownFileType = text.plist.strings; name = en; path = en.lproj/InfoPlist.strings; sourceTree = "<group>"; };
		04FA565A1AF1007700444696 /* MOS____Tests.m */ = {isa = PBXFileReference; lastKnownFileType = sourcecode.c.objc; path = "MOS____Tests.m"; sourceTree = "<group>"; };
		04FA56641AF1009C00444696 /* MOSVC.h */ = {isa = PBXFileReference; fileEncoding = 4; lastKnownFileType = sourcecode.c.h; path = MOSVC.h; sourceTree = "<group>"; };
		04FA56651AF1009C00444696 /* MOSVC.m */ = {isa = PBXFileReference; fileEncoding = 4; lastKnownFileType = sourcecode.c.objc; path = MOSVC.m; sourceTree = "<group>"; };
/* End PBXFileReference section */

/* Begin PBXFrameworksBuildPhase section */
		04FA562F1AF1007600444696 /* Frameworks */ = {
			isa = PBXFrameworksBuildPhase;
			buildActionMask = 2147483647;
			files = (
				04FA56381AF1007600444696 /* CoreGraphics.framework in Frameworks */,
				04FA563A1AF1007600444696 /* UIKit.framework in Frameworks */,
				04FA56361AF1007600444696 /* Foundation.framework in Frameworks */,
			);
			runOnlyForDeploymentPostprocessing = 0;
		};
		04FA564A1AF1007700444696 /* Frameworks */ = {
			isa = PBXFrameworksBuildPhase;
			buildActionMask = 2147483647;
			files = (
				04FA564F1AF1007700444696 /* XCTest.framework in Frameworks */,
				04FA56511AF1007700444696 /* UIKit.framework in Frameworks */,
				04FA56501AF1007700444696 /* Foundation.framework in Frameworks */,
			);
			runOnlyForDeploymentPostprocessing = 0;
		};
/* End PBXFrameworksBuildPhase section */

/* Begin PBXGroup section */
		04FA56291AF1007600444696 = {
			isa = PBXGroup;
			children = (
				04FA563B1AF1007600444696 /* MOS高斯模糊 */,
				04FA56541AF1007700444696 /* MOS高斯模糊Tests */,
				04FA56341AF1007600444696 /* Frameworks */,
				04FA56331AF1007600444696 /* Products */,
			);
			sourceTree = "<group>";
		};
		04FA56331AF1007600444696 /* Products */ = {
			isa = PBXGroup;
			children = (
				04FA56321AF1007600444696 /* MOS高斯模糊.app */,
				04FA564D1AF1007700444696 /* MOS高斯模糊Tests.xctest */,
			);
			name = Products;
			sourceTree = "<group>";
		};
		04FA56341AF1007600444696 /* Frameworks */ = {
			isa = PBXGroup;
			children = (
				04FA56351AF1007600444696 /* Foundation.framework */,
				04FA56371AF1007600444696 /* CoreGraphics.framework */,
				04FA56391AF1007600444696 /* UIKit.framework */,
				04FA564E1AF1007700444696 /* XCTest.framework */,
			);
			name = Frameworks;
			sourceTree = "<group>";
		};
		04FA563B1AF1007600444696 /* MOS高斯模糊 */ = {
			isa = PBXGroup;
			children = (
				045A45F21AF103FB00D02378 /* UIColor+Colours.h */,
				045A45F31AF103FB00D02378 /* UIColor+Colours.m */,
				04FA56441AF1007600444696 /* MOSAppDelegate.h */,
				04FA56451AF1007600444696 /* MOSAppDelegate.m */,
				04FA56471AF1007600444696 /* Images.xcassets */,
				04FA563C1AF1007600444696 /* Supporting Files */,
				04FA56641AF1009C00444696 /* MOSVC.h */,
				04FA56651AF1009C00444696 /* MOSVC.m */,
			);
			path = "MOS高斯模糊";
			sourceTree = "<group>";
		};
		04FA563C1AF1007600444696 /* Supporting Files */ = {
			isa = PBXGroup;
			children = (
				04FA563D1AF1007600444696 /* MOS高斯模糊-Info.plist */,
				04FA563E1AF1007600444696 /* InfoPlist.strings */,
				04FA56411AF1007600444696 /* main.m */,
				04FA56431AF1007600444696 /* MOS高斯模糊-Prefix.pch */,
			);
			name = "Supporting Files";
			sourceTree = "<group>";
		};
		04FA56541AF1007700444696 /* MOS高斯模糊Tests */ = {
			isa = PBXGroup;
			children = (
				04FA565A1AF1007700444696 /* MOS____Tests.m */,
				04FA56551AF1007700444696 /* Supporting Files */,
			);
			path = "MOS高斯模糊Tests";
			sourceTree = "<group>";
		};
		04FA56551AF1007700444696 /* Supporting Files */ = {
			isa = PBXGroup;
			children = (
				04FA56561AF1007700444696 /* MOS高斯模糊Tests-Info.plist */,
				04FA56571AF1007700444696 /* InfoPlist.strings */,
			);
			name = "Supporting Files";
			sourceTree = "<group>";
		};
/* End PBXGroup section */

/* Begin PBXNativeTarget section */
		04FA56311AF1007600444696 /* MOS高斯模糊 */ = {
			isa = PBXNativeTarget;
			buildConfigurationList = 04FA565E1AF1007700444696 /* Build configuration list for PBXNativeTarget "MOS高斯模糊" */;
			buildPhases = (
				04FA562E1AF1007600444696 /* Sources */,
				04FA562F1AF1007600444696 /* Frameworks */,
				04FA56301AF1007600444696 /* Resources */,
			);
			buildRules = (
			);
			dependencies = (
			);
			name = "MOS高斯模糊";
			productName = "MOS高斯模糊";
			productReference = 04FA56321AF1007600444696 /* MOS高斯模糊.app */;
			productType = "com.apple.product-type.application";
		};
		04FA564C1AF1007700444696 /* MOS高斯模糊Tests */ = {
			isa = PBXNativeTarget;
			buildConfigurationList = 04FA56611AF1007700444696 /* Build configuration list for PBXNativeTarget "MOS高斯模糊Tests" */;
			buildPhases = (
				04FA56491AF1007700444696 /* Sources */,
				04FA564A1AF1007700444696 /* Frameworks */,
				04FA564B1AF1007700444696 /* Resources */,
			);
			buildRules = (
			);
			dependencies = (
				04FA56531AF1007700444696 /* PBXTargetDependency */,
			);
			name = "MOS高斯模糊Tests";
			productName = "MOS高斯模糊Tests";
			productReference = 04FA564D1AF1007700444696 /* MOS高斯模糊Tests.xctest */;
			productType = "com.apple.product-type.bundle.unit-test";
		};
/* End PBXNativeTarget section */

/* Begin PBXProject section */
		04FA562A1AF1007600444696 /* Project object */ = {
			isa = PBXProject;
			attributes = {
				CLASSPREFIX = MOS;
				LastUpgradeCheck = 0510;
				ORGANIZATIONNAME = JerryWonder;
				TargetAttributes = {
					04FA564C1AF1007700444696 = {
						TestTargetID = 04FA56311AF1007600444696;
					};
				};
			};
			buildConfigurationList = 04FA562D1AF1007600444696 /* Build configuration list for PBXProject "MOS高斯模糊" */;
			compatibilityVersion = "Xcode 3.2";
			developmentRegion = English;
			hasScannedForEncodings = 0;
			knownRegions = (
				en,
			);
			mainGroup = 04FA56291AF1007600444696;
			productRefGroup = 04FA56331AF1007600444696 /* Products */;
			projectDirPath = "";
			projectRoot = "";
			targets = (
				04FA56311AF1007600444696 /* MOS高斯模糊 */,
				04FA564C1AF1007700444696 /* MOS高斯模糊Tests */,
			);
		};
/* End PBXProject section */

/* Begin PBXResourcesBuildPhase section */
		04FA56301AF1007600444696 /* Resources */ = {
			isa = PBXResourcesBuildPhase;
			buildActionMask = 2147483647;
			files = (
				04FA56401AF1007600444696 /* InfoPlist.strings in Resources */,
				04FA56481AF1007600444696 /* Images.xcassets in Resources */,
			);
			runOnlyForDeploymentPostprocessing = 0;
		};
		04FA564B1AF1007700444696 /* Resources */ = {
			isa = PBXResourcesBuildPhase;
			buildActionMask = 2147483647;
			files = (
				04FA56591AF1007700444696 /* InfoPlist.strings in Resources */,
			);
			runOnlyForDeploymentPostprocessing = 0;
		};
/* End PBXResourcesBuildPhase section */

/* Begin PBXSourcesBuildPhase section */
		04FA562E1AF1007600444696 /* Sources */ = {
			isa = PBXSourcesBuildPhase;
			buildActionMask = 2147483647;
			files = (
				04FA56661AF1009C00444696 /* MOSVC.m in Sources */,
				04FA56461AF1007600444696 /* MOSAppDelegate.m in Sources */,
				04FA56421AF1007600444696 /* main.m in Sources */,
				045A45F41AF103FB00D02378 /* UIColor+Colours.m in Sources */,
			);
			runOnlyForDeploymentPostprocessing = 0;
		};
		04FA56491AF1007700444696 /* Sources */ = {
			isa = PBXSourcesBuildPhase;
			buildActionMask = 2147483647;
			files = (
				04FA565B1AF1007700444696 /* MOS____Tests.m in Sources */,
			);
			runOnlyForDeploymentPostprocessing = 0;
		};
/* End PBXSourcesBuildPhase section */

/* Begin PBXTargetDependency section */
		04FA56531AF1007700444696 /* PBXTargetDependency */ = {
			isa = PBXTargetDependency;
			target = 04FA56311AF1007600444696 /* MOS高斯模糊 */;
			targetProxy = 04FA56521AF1007700444696 /* PBXContainerItemProxy */;
		};
/* End PBXTargetDependency section */

/* Begin PBXVariantGroup section */
		04FA563E1AF1007600444696 /* InfoPlist.strings */ = {
			isa = PBXVariantGroup;
			children = (
				04FA563F1AF1007600444696 /* en */,
			);
			name = InfoPlist.strings;
			sourceTree = "<group>";
		};
		04FA56571AF1007700444696 /* InfoPlist.strings */ = {
			isa = PBXVariantGroup;
			children = (
				04FA56581AF1007700444696 /* en */,
			);
			name = InfoPlist.strings;
			sourceTree = "<group>";
		};
/* End PBXVariantGroup section */

/* Begin XCBuildConfiguration section */
		04FA565C1AF1007700444696 /* Debug */ = {
			isa = XCBuildConfiguration;
			buildSettings = {
				ALWAYS_SEARCH_USER_PATHS = NO;
				CLANG_CXX_LANGUAGE_STANDARD = "gnu++0x";
				CLANG_CXX_LIBRARY = "libc++";
				CLANG_ENABLE_MODULES = YES;
				CLANG_ENABLE_OBJC_ARC = YES;
				CLANG_WARN_BOOL_CONVERSION = YES;
				CLANG_WARN_CONSTANT_CONVERSION = YES;
				CLANG_WARN_DIRECT_OBJC_ISA_USAGE = YES_ERROR;
				CLANG_WARN_EMPTY_BODY = YES;
				CLANG_WARN_ENUM_CONVERSION = YES;
				CLANG_WARN_INT_CONVERSION = YES;
				CLANG_WARN_OBJC_ROOT_CLASS = YES_ERROR;
				CLANG_WARN__DUPLICATE_METHOD_MATCH = YES;
				"CODE_SIGN_IDENTITY[sdk=iphoneos*]" = "iPhone Developer";
				COPY_PHASE_STRIP = NO;
				GCC_C_LANGUAGE_STANDARD = gnu99;
				GCC_DYNAMIC_NO_PIC = NO;
				GCC_OPTIMIZATION_LEVEL = 0;
				GCC_PREPROCESSOR_DEFINITIONS = (
					"DEBUG=1",
					"$(inherited)",
				);
				GCC_SYMBOLS_PRIVATE_EXTERN = NO;
				GCC_WARN_64_TO_32_BIT_CONVERSION = YES;
				GCC_WARN_ABOUT_RETURN_TYPE = YES_ERROR;
				GCC_WARN_UNDECLARED_SELECTOR = YES;
				GCC_WARN_UNINITIALIZED_AUTOS = YES_AGGRESSIVE;
				GCC_WARN_UNUSED_FUNCTION = YES;
				GCC_WARN_UNUSED_VARIABLE = YES;
				IPHONEOS_DEPLOYMENT_TARGET = 7.1;
				ONLY_ACTIVE_ARCH = YES;
				SDKROOT = iphoneos;
			};
			name = Debug;
		};
		04FA565D1AF1007700444696 /* Release */ = {
			isa = XCBuildConfiguration;
			buildSettings = {
				ALWAYS_SEARCH_USER_PATHS = NO;
				CLANG_CXX_LANGUAGE_STANDARD = "gnu++0x";
				CLANG_CXX_LIBRARY = "libc++";
				CLANG_ENABLE_MODULES = YES;
				CLANG_ENABLE_OBJC_ARC = YES;
				CLANG_WARN_BOOL_CONVERSION = YES;
				CLANG_WARN_CONSTANT_CONVERSION = YES;
				CLANG_WARN_DIRECT_OBJC_ISA_USAGE = YES_ERROR;
				CLANG_WARN_EMPTY_BODY = YES;
				CLANG_WARN_ENUM_CONVERSION = YES;
				CLANG_WARN_INT_CONVERSION = YES;
				CLANG_WARN_OBJC_ROOT_CLASS = YES_ERROR;
				CLANG_WARN__DUPLICATE_METHOD_MATCH = YES;
				"CODE_SIGN_IDENTITY[sdk=iphoneos*]" = "iPhone Developer";
				COPY_PHASE_STRIP = YES;
				ENABLE_NS_ASSERTIONS = NO;
				GCC_C_LANGUAGE_STANDARD = gnu99;
				GCC_WARN_64_TO_32_BIT_CONVERSION = YES;
				GCC_WARN_ABOUT_RETURN_TYPE = YES_ERROR;
				GCC_WARN_UNDECLARED_SELECTOR = YES;
				GCC_WARN_UNINITIALIZED_AUTOS = YES_AGGRESSIVE;
				GCC_WARN_UNUSED_FUNCTION = YES;
				GCC_WARN_UNUSED_VARIABLE = YES;
				IPHONEOS_DEPLOYMENT_TARGET = 7.1;
				SDKROOT = iphoneos;
				VALIDATE_PRODUCT = YES;
			};
			name = Release;
		};
		04FA565F1AF1007700444696 /* Debug */ = {
			isa = XCBuildConfiguration;
			buildSettings = {
				ASSETCATALOG_COMPILER_APPICON_NAME = AppIcon;
				ASSETCATALOG_COMPILER_LAUNCHIMAGE_NAME = LaunchImage;
				GCC_PRECOMPILE_PREFIX_HEADER = YES;
				GCC_PREFIX_HEADER = "MOS高斯模糊/MOS高斯模糊-Prefix.pch";
				INFOPLIST_FILE = "MOS高斯模糊/MOS高斯模糊-Info.plist";
				PRODUCT_NAME = "$(TARGET_NAME)";
				WRAPPER_EXTENSION = app;
			};
			name = Debug;
		};
		04FA56601AF1007700444696 /* Release */ = {
			isa = XCBuildConfiguration;
			buildSettings = {
				ASSETCATALOG_COMPILER_APPICON_NAME = AppIcon;
				ASSETCATALOG_COMPILER_LAUNCHIMAGE_NAME = LaunchImage;
				GCC_PRECOMPILE_PREFIX_HEADER = YES;
				GCC_PREFIX_HEADER = "MOS高斯模糊/MOS高斯模糊-Prefix.pch";
				INFOPLIST_FILE = "MOS高斯模糊/MOS高斯模糊-Info.plist";
				PRODUCT_NAME = "$(TARGET_NAME)";
				WRAPPER_EXTENSION = app;
			};
			name = Release;
		};
		04FA56621AF1007700444696 /* Debug */ = {
			isa = XCBuildConfiguration;
			buildSettings = {
				BUNDLE_LOADER = "$(BUILT_PRODUCTS_DIR)/MOS高斯模糊.app/MOS高斯模糊";
				FRAMEWORK_SEARCH_PATHS = (
					"$(SDKROOT)/Developer/Library/Frameworks",
					"$(inherited)",
					"$(DEVELOPER_FRAMEWORKS_DIR)",
				);
				GCC_PRECOMPILE_PREFIX_HEADER = YES;
				GCC_PREFIX_HEADER = "MOS高斯模糊/MOS高斯模糊-Prefix.pch";
				GCC_PREPROCESSOR_DEFINITIONS = (
					"DEBUG=1",
					"$(inherited)",
				);
				INFOPLIST_FILE = "MOS高斯模糊Tests/MOS高斯模糊Tests-Info.plist";
				PRODUCT_NAME = "$(TARGET_NAME)";
				TEST_HOST = "$(BUNDLE_LOADER)";
				WRAPPER_EXTENSION = xctest;
			};
			name = Debug;
		};
		04FA56631AF1007700444696 /* Release */ = {
			isa = XCBuildConfiguration;
			buildSettings = {
				BUNDLE_LOADER = "$(BUILT_PRODUCTS_DIR)/MOS高斯模糊.app/MOS高斯模糊";
				FRAMEWORK_SEARCH_PATHS = (
					"$(SDKROOT)/Developer/Library/Frameworks",
					"$(inherited)",
					"$(DEVELOPER_FRAMEWORKS_DIR)",
				);
				GCC_PRECOMPILE_PREFIX_HEADER = YES;
				GCC_PREFIX_HEADER = "MOS高斯模糊/MOS高斯模糊-Prefix.pch";
				INFOPLIST_FILE = "MOS高斯模糊Tests/MOS高斯模糊Tests-Info.plist";
				PRODUCT_NAME = "$(TARGET_NAME)";
				TEST_HOST = "$(BUNDLE_LOADER)";
				WRAPPER_EXTENSION = xctest;
			};
			name = Release;
		};
/* End XCBuildConfiguration section */

/* Begin XCConfigurationList section */
		04FA562D1AF1007600444696 /* Build configuration list for PBXProject "MOS高斯模糊" */ = {
			isa = XCConfigurationList;
			buildConfigurations = (
				04FA565C1AF1007700444696 /* Debug */,
				04FA565D1AF1007700444696 /* Release */,
			);
			defaultConfigurationIsVisible = 0;
			defaultConfigurationName = Release;
		};
		04FA565E1AF1007700444696 /* Build configuration list for PBXNativeTarget "MOS高斯模糊" */ = {
			isa = XCConfigurationList;
			buildConfigurations = (
				04FA565F1AF1007700444696 /* Debug */,
				04FA56601AF1007700444696 /* Release */,
			);
			defaultConfigurationIsVisible = 0;
			defaultConfigurationName = Release;
		};
		04FA56611AF1007700444696 /* Build configuration list for PBXNativeTarget "MOS高斯模糊Tests" */ = {
			isa = XCConfigurationList;
			buildConfigurations = (
				04FA56621AF1007700444696 /* Debug */,
				04FA56631AF1007700444696 /* Release */,
			);
			defaultConfigurationIsVisible = 0;
			defaultConfigurationName = Release;
		};
/* End XCConfigurationList section */
	};
	rootObject = 04FA562A1AF1007600444696 /* Project object */;
}
